PODS:
  - Kiwi (3.0.0)
  - Nimble (8.0.1)
  - Quick (2.0.0)
  - RxSwift (4.5.0)

DEPENDENCIES:
  - Kiwi
  - Nimble
  - Quick
  - RxSwift

SPEC REPOS:
  https://github.com/cocoapods/specs.git:
    - Kiwi
    - Nimble
    - Quick
    - RxSwift

SPEC CHECKSUMS:
  Kiwi: fbeafef0f00e4d8f7dcb3420a4930afe70af77f7
  Nimble: 45f786ae66faa9a709624227fae502db55a8bdd0
  Quick: ce1276c7c27ba2da3cb2fd0cde053c3648b3b22d
  RxSwift: f172070dfd1a93d70a9ab97a5a01166206e1c575

PODFILE CHECKSUM: af701e28c80b50ab1f5470f9ec0ec5f63a17859d

COCOAPODS: 1.6.0
