PODS:
  - IGListKit (3.4.0):
    - IGListKit/Default (= 3.4.0)
  - IGListKit/Default (3.4.0):
    - IGListKit/Diffing
  - IGListKit/Diffing (3.4.0)
  - Kiwi (3.0.0)
  - Nimble (8.0.1)
  - Quick (2.1.0)
  - RxSwift (5.0.0)

DEPENDENCIES:
  - IGListKit
  - Kiwi
  - Nimble
  - Quick
  - RxSwift

SPEC REPOS:
  https://github.com/cocoapods/specs.git:
    - IGListKit
    - Kiwi
    - Nimble
    - Quick
    - RxSwift

SPEC CHECKSUMS:
  IGListKit: 7a5d788e9fb746bcd402baa8e8b24bc3bd2a5a07
  Kiwi: fbeafef0f00e4d8f7dcb3420a4930afe70af77f7
  Nimble: 45f786ae66faa9a709624227fae502db55a8bdd0
  Quick: 4be43f6634acfa727dd106bdf3929ce125ffa79d
  RxSwift: 8b0671caa829a763bbce7271095859121cbd895f

PODFILE CHECKSUM: 3b108f31bffde2c5a659ae2563a64533acc5c8d5

COCOAPODS: 1.6.1
