PODS:
  - Nimble (8.0.1)
  - OCMock (3.4.3)
  - Quick (2.0.0)
  - RxSwift (4.5.0)

DEPENDENCIES:
  - Nimble
  - OCMock
  - Quick
  - RxSwift

SPEC REPOS:
  https://github.com/cocoapods/specs.git:
    - Nimble
    - OCMock
    - Quick
    - RxSwift

SPEC CHECKSUMS:
  Nimble: 45f786ae66faa9a709624227fae502db55a8bdd0
  OCMock: 43565190abc78977ad44a61c0d20d7f0784d35ab
  Quick: ce1276c7c27ba2da3cb2fd0cde053c3648b3b22d
  RxSwift: f172070dfd1a93d70a9ab97a5a01166206e1c575

PODFILE CHECKSUM: 208355d0bd90ae5977ab0f4f4efe59c6be4d85ee

COCOAPODS: 1.6.0
